
Microsoft Visual Studio Solution File, Format Version 12.00
# Visual Studio Version 17
VisualStudioVersion = 17.14.36603.0 d17.14
MinimumVisualStudioVersion = 10.0.40219.1
Project("{FAE04EC0-301F-11D3-BF4B-00C04F79EFBC}") = "HM1", "HM1.csproj", "{C485680E-FF42-41AF-BA1B-3E82541736FF}"
EndProject
Global
	GlobalSection(SolutionConfigurationPlatforms) = preSolution
		Debug|Any CPU = Debug|Any CPU
		Release|Any CPU = Release|Any CPU
	EndGlobalSection
	GlobalSection(ProjectConfigurationPlatforms) = postSolution
		{C485680E-FF42-41AF-BA1B-3E82541736FF}.Debug|Any CPU.ActiveCfg = Debug|Any CPU
		{C485680E-FF42-41AF-BA1B-3E82541736FF}.Debug|Any CPU.Build.0 = Debug|Any CPU
		{C485680E-FF42-41AF-BA1B-3E82541736FF}.Release|Any CPU.ActiveCfg = Release|Any CPU
		{C485680E-FF42-41AF-BA1B-3E82541736FF}.Release|Any CPU.Build.0 = Release|Any CPU
	EndGlobalSection
	GlobalSection(SolutionProperties) = preSolution
		HideSolutionNode = FALSE
	EndGlobalSection
	GlobalSection(ExtensibilityGlobals) = postSolution
		SolutionGuid = {D8B36850-02D6-4BC9-9579-857948E93B0B}
	EndGlobalSection
EndGlobal
